
Microsoft Visual Studio Solution File, Format Version 12.00
# Visual Studio Version 17
VisualStudioVersion = 17.5.002.0
MinimumVisualStudioVersion = 10.0.40219.1
Project("{9A19103F-16F7-4668-BE54-9A1E7A4F7556}") = "NatechAssignment", "NatechAssignment.csproj", "{673AF5AC-D313-45E2-8006-416525BF1D08}"
EndProject
Global
	GlobalSection(SolutionConfigurationPlatforms) = preSolution
		Debug|Any CPU = Debug|Any CPU
		Release|Any CPU = Release|Any CPU
	EndGlobalSection
	GlobalSection(ProjectConfigurationPlatforms) = postSolution
		{673AF5AC-D313-45E2-8006-416525BF1D08}.Debug|Any CPU.ActiveCfg = Debug|Any CPU
		{673AF5AC-D313-45E2-8006-416525BF1D08}.Debug|Any CPU.Build.0 = Debug|Any CPU
		{673AF5AC-D313-45E2-8006-416525BF1D08}.Release|Any CPU.ActiveCfg = Release|Any CPU
		{673AF5AC-D313-45E2-8006-416525BF1D08}.Release|Any CPU.Build.0 = Release|Any CPU
	EndGlobalSection
	GlobalSection(SolutionProperties) = preSolution
		HideSolutionNode = FALSE
	EndGlobalSection
	GlobalSection(ExtensibilityGlobals) = postSolution
		SolutionGuid = {B3423D2C-EF66-4732-AA7C-55B0CFE07EF2}
	EndGlobalSection
EndGlobal
